# This file is automatically @generated by Cargo.
# It is not intended for manual editing.
version = 4

[[package]]
name = "singlefs-checker"
version = "0.1.0"
dependencies = [
 "singlefs-format",
]

[[package]]
name = "singlefs-core"
version = "0.1.0"
dependencies = [
 "singlefs-format",
]

[[package]]
name = "singlefs-format"
version = "0.1.0"

[[package]]
name = "singlefs-harness"
version = "0.1.0"
dependencies = [
 "singlefs-checker",
 "singlefs-core",
 "singlefs-format",
]
