# This file is automatically @generated by Cargo.
# It is not intended for manual editing.
version = 4

[[package]]
name = "c355-c363-r1-opus-impl-probe"
version = "0.1.0"
dependencies = [
 "singlefs-core",
 "singlefs-format",
]

[[package]]
name = "singlefs-core"
version = "0.1.0"
dependencies = [
 "singlefs-format",
]

[[package]]
name = "singlefs-format"
version = "0.1.0"
